
Microsoft Visual Studio Solution File, Format Version 12.00
# Visual Studio Version 17
VisualStudioVersion = 17.8.34525.116
MinimumVisualStudioVersion = 10.0.40219.1
Project("{FAE04EC0-301F-11D3-BF4B-00C04F79EFBC}") = "ColdRun.API", "ColdRun.API\ColdRun.API.csproj", "{C3FD2FBF-1CF2-481B-9D9F-9839ACC7F7C0}"
EndProject
Project("{FAE04EC0-301F-11D3-BF4B-00C04F79EFBC}") = "ColdRun.API.Persistence", "ColdRun.API.Persistence\ColdRun.API.Persistence.csproj", "{2EE0F674-AFD0-475C-8D02-05279C341FEE}"
EndProject
Global
	GlobalSection(SolutionConfigurationPlatforms) = preSolution
		Debug|Any CPU = Debug|Any CPU
		Release|Any CPU = Release|Any CPU
	EndGlobalSection
	GlobalSection(ProjectConfigurationPlatforms) = postSolution
		{C3FD2FBF-1CF2-481B-9D9F-9839ACC7F7C0}.Debug|Any CPU.ActiveCfg = Debug|Any CPU
		{C3FD2FBF-1CF2-481B-9D9F-9839ACC7F7C0}.Debug|Any CPU.Build.0 = Debug|Any CPU
		{C3FD2FBF-1CF2-481B-9D9F-9839ACC7F7C0}.Release|Any CPU.ActiveCfg = Release|Any CPU
		{C3FD2FBF-1CF2-481B-9D9F-9839ACC7F7C0}.Release|Any CPU.Build.0 = Release|Any CPU
		{2EE0F674-AFD0-475C-8D02-05279C341FEE}.Debug|Any CPU.ActiveCfg = Debug|Any CPU
		{2EE0F674-AFD0-475C-8D02-05279C341FEE}.Debug|Any CPU.Build.0 = Debug|Any CPU
		{2EE0F674-AFD0-475C-8D02-05279C341FEE}.Release|Any CPU.ActiveCfg = Release|Any CPU
		{2EE0F674-AFD0-475C-8D02-05279C341FEE}.Release|Any CPU.Build.0 = Release|Any CPU
	EndGlobalSection
	GlobalSection(SolutionProperties) = preSolution
		HideSolutionNode = FALSE
	EndGlobalSection
	GlobalSection(ExtensibilityGlobals) = postSolution
		SolutionGuid = {C7479A47-03DD-48EE-8666-742920138F20}
	EndGlobalSection
EndGlobal
